
Microsoft Visual Studio Solution File, Format Version 12.00
# Visual Studio 2012
Project("{8BC9CEB8-8B4A-11D0-8D11-00A0C91BC942}") = "meituan", "meituan\meituan.vcxproj", "{F1C9926D-3139-4EAF-8A5C-2A0F44631294}"
EndProject
Global
	GlobalSection(SolutionConfigurationPlatforms) = preSolution
		Debug|Win32 = Debug|Win32
		Release|Win32 = Release|Win32
	EndGlobalSection
	GlobalSection(ProjectConfigurationPlatforms) = postSolution
		{F1C9926D-3139-4EAF-8A5C-2A0F44631294}.Debug|Win32.ActiveCfg = Debug|Win32
		{F1C9926D-3139-4EAF-8A5C-2A0F44631294}.Debug|Win32.Build.0 = Debug|Win32
		{F1C9926D-3139-4EAF-8A5C-2A0F44631294}.Release|Win32.ActiveCfg = Release|Win32
		{F1C9926D-3139-4EAF-8A5C-2A0F44631294}.Release|Win32.Build.0 = Release|Win32
	EndGlobalSection
	GlobalSection(SolutionProperties) = preSolution
		HideSolutionNode = FALSE
	EndGlobalSection
EndGlobal
