
Microsoft Visual Studio Solution File, Format Version 12.00
# Visual Studio 2012
Project("{8BC9CEB8-8B4A-11D0-8D11-00A0C91BC942}") = "haikang", "haikang\haikang.vcxproj", "{F0CC756B-9E3D-4BC9-B624-6E1FED694DAF}"
EndProject
Global
	GlobalSection(SolutionConfigurationPlatforms) = preSolution
		Debug|Win32 = Debug|Win32
		Release|Win32 = Release|Win32
	EndGlobalSection
	GlobalSection(ProjectConfigurationPlatforms) = postSolution
		{F0CC756B-9E3D-4BC9-B624-6E1FED694DAF}.Debug|Win32.ActiveCfg = Debug|Win32
		{F0CC756B-9E3D-4BC9-B624-6E1FED694DAF}.Debug|Win32.Build.0 = Debug|Win32
		{F0CC756B-9E3D-4BC9-B624-6E1FED694DAF}.Release|Win32.ActiveCfg = Release|Win32
		{F0CC756B-9E3D-4BC9-B624-6E1FED694DAF}.Release|Win32.Build.0 = Release|Win32
	EndGlobalSection
	GlobalSection(SolutionProperties) = preSolution
		HideSolutionNode = FALSE
	EndGlobalSection
	GlobalSection(Performance) = preSolution
		HasPerformanceSessions = true
	EndGlobalSection
EndGlobal
